
Microsoft Visual Studio Solution File, Format Version 12.00
# Visual Studio Version 17
VisualStudioVersion = 17.8.34511.84
MinimumVisualStudioVersion = 10.0.40219.1
Project("{FAE04EC0-301F-11D3-BF4B-00C04F79EFBC}") = "MvcMovie", "MvcMovie\MvcMovie.csproj", "{35B2E90A-B448-415C-8F55-1A1814EB1598}"
EndProject
Global
	GlobalSection(SolutionConfigurationPlatforms) = preSolution
		Debug|Any CPU = Debug|Any CPU
		Release|Any CPU = Release|Any CPU
	EndGlobalSection
	GlobalSection(ProjectConfigurationPlatforms) = postSolution
		{35B2E90A-B448-415C-8F55-1A1814EB1598}.Debug|Any CPU.ActiveCfg = Debug|Any CPU
		{35B2E90A-B448-415C-8F55-1A1814EB1598}.Debug|Any CPU.Build.0 = Debug|Any CPU
		{35B2E90A-B448-415C-8F55-1A1814EB1598}.Release|Any CPU.ActiveCfg = Release|Any CPU
		{35B2E90A-B448-415C-8F55-1A1814EB1598}.Release|Any CPU.Build.0 = Release|Any CPU
	EndGlobalSection
	GlobalSection(SolutionProperties) = preSolution
		HideSolutionNode = FALSE
	EndGlobalSection
	GlobalSection(ExtensibilityGlobals) = postSolution
		SolutionGuid = {E0C159B0-BC18-4E09-AA75-D36A6331C765}
	EndGlobalSection
EndGlobal
